
Microsoft Visual Studio Solution File, Format Version 12.00
# Visual Studio Version 17
VisualStudioVersion = 17.7.34003.232
MinimumVisualStudioVersion = 10.0.40219.1
Project("{FAE04EC0-301F-11D3-BF4B-00C04F79EFBC}") = "GeometryExample", "GeometryExample\GeometryExample.csproj", "{31132A26-3E8D-4127-8580-9C4C1457FCE5}"
EndProject
Project("{FAE04EC0-301F-11D3-BF4B-00C04F79EFBC}") = "Exam2", "Exam2\Exam2.csproj", "{B13128BE-5560-4B6E-8FC9-5B7F543F6193}"
EndProject
Global
	GlobalSection(SolutionConfigurationPlatforms) = preSolution
		Debug|Any CPU = Debug|Any CPU
		Release|Any CPU = Release|Any CPU
	EndGlobalSection
	GlobalSection(ProjectConfigurationPlatforms) = postSolution
		{31132A26-3E8D-4127-8580-9C4C1457FCE5}.Debug|Any CPU.ActiveCfg = Debug|Any CPU
		{31132A26-3E8D-4127-8580-9C4C1457FCE5}.Debug|Any CPU.Build.0 = Debug|Any CPU
		{31132A26-3E8D-4127-8580-9C4C1457FCE5}.Release|Any CPU.ActiveCfg = Release|Any CPU
		{31132A26-3E8D-4127-8580-9C4C1457FCE5}.Release|Any CPU.Build.0 = Release|Any CPU
		{B13128BE-5560-4B6E-8FC9-5B7F543F6193}.Debug|Any CPU.ActiveCfg = Debug|Any CPU
		{B13128BE-5560-4B6E-8FC9-5B7F543F6193}.Debug|Any CPU.Build.0 = Debug|Any CPU
		{B13128BE-5560-4B6E-8FC9-5B7F543F6193}.Release|Any CPU.ActiveCfg = Release|Any CPU
		{B13128BE-5560-4B6E-8FC9-5B7F543F6193}.Release|Any CPU.Build.0 = Release|Any CPU
	EndGlobalSection
	GlobalSection(SolutionProperties) = preSolution
		HideSolutionNode = FALSE
	EndGlobalSection
	GlobalSection(ExtensibilityGlobals) = postSolution
		SolutionGuid = {2F28C424-EBD1-46E1-ACE3-0996DCEA58A9}
	EndGlobalSection
EndGlobal
